
Microsoft Visual Studio Solution File, Format Version 12.00
# Visual Studio 15
VisualStudioVersion = 15.0.28307.645
MinimumVisualStudioVersion = 10.0.40219.1
Project("{FAE04EC0-301F-11D3-BF4B-00C04F79EFBC}") = "TEST", "TEST\TEST.csproj", "{48EDB744-F803-4436-97B6-42D9DE5F2BFA}"
EndProject
Global
	GlobalSection(SolutionConfigurationPlatforms) = preSolution
		Debug|Any CPU = Debug|Any CPU
		Release|Any CPU = Release|Any CPU
	EndGlobalSection
	GlobalSection(ProjectConfigurationPlatforms) = postSolution
		{48EDB744-F803-4436-97B6-42D9DE5F2BFA}.Debug|Any CPU.ActiveCfg = Debug|Any CPU
		{48EDB744-F803-4436-97B6-42D9DE5F2BFA}.Debug|Any CPU.Build.0 = Debug|Any CPU
		{48EDB744-F803-4436-97B6-42D9DE5F2BFA}.Release|Any CPU.ActiveCfg = Release|Any CPU
		{48EDB744-F803-4436-97B6-42D9DE5F2BFA}.Release|Any CPU.Build.0 = Release|Any CPU
	EndGlobalSection
	GlobalSection(SolutionProperties) = preSolution
		HideSolutionNode = FALSE
	EndGlobalSection
	GlobalSection(ExtensibilityGlobals) = postSolution
		SolutionGuid = {4E3DEC71-C320-4A90-81AD-0218C85A1E05}
	EndGlobalSection
EndGlobal
